
Microsoft Visual Studio Solution File, Format Version 11.00
# Visual C# Express 2010
Project("{FAE04EC0-301F-11D3-BF4B-00C04F79EFBC}") = "WindowsGame1", "WindowsGame1\WindowsGame1\WindowsGame1.csproj", "{DC1941B3-FFCF-4893-8065-AD69248618C6}"
EndProject
Project("{96E2B04D-8817-42C6-938A-82C39BA4D311}") = "WindowsGame1Content", "WindowsGame1\WindowsGame1Content\WindowsGame1Content.contentproj", "{8C16F36F-FF9B-4581-B82C-F9E39EEA3D8C}"
EndProject
Global
	GlobalSection(SolutionConfigurationPlatforms) = preSolution
		Debug|x86 = Debug|x86
		Release|x86 = Release|x86
	EndGlobalSection
	GlobalSection(ProjectConfigurationPlatforms) = postSolution
		{DC1941B3-FFCF-4893-8065-AD69248618C6}.Debug|x86.ActiveCfg = Debug|x86
		{DC1941B3-FFCF-4893-8065-AD69248618C6}.Debug|x86.Build.0 = Debug|x86
		{DC1941B3-FFCF-4893-8065-AD69248618C6}.Release|x86.ActiveCfg = Release|x86
		{DC1941B3-FFCF-4893-8065-AD69248618C6}.Release|x86.Build.0 = Release|x86
		{8C16F36F-FF9B-4581-B82C-F9E39EEA3D8C}.Debug|x86.ActiveCfg = Debug|x86
		{8C16F36F-FF9B-4581-B82C-F9E39EEA3D8C}.Release|x86.ActiveCfg = Release|x86
	EndGlobalSection
	GlobalSection(SolutionProperties) = preSolution
		HideSolutionNode = FALSE
	EndGlobalSection
EndGlobal
